
Microsoft Visual Studio Solution File, Format Version 12.00
# Visual Studio Version 17
VisualStudioVersion = 17.0.32112.339
MinimumVisualStudioVersion = 10.0.40219.1
Project("{9A19103F-16F7-4668-BE54-9A1E7A4F7556}") = "MateMachine.CurrencyConverter", "MateMachine.CurrencyConverter\MateMachine.CurrencyConverter.csproj", "{F92D4197-2DA7-4447-9FA8-E4A9BF13CE2C}"
EndProject
Global
	GlobalSection(SolutionConfigurationPlatforms) = preSolution
		Debug|Any CPU = Debug|Any CPU
		Release|Any CPU = Release|Any CPU
	EndGlobalSection
	GlobalSection(ProjectConfigurationPlatforms) = postSolution
		{F92D4197-2DA7-4447-9FA8-E4A9BF13CE2C}.Debug|Any CPU.ActiveCfg = Debug|Any CPU
		{F92D4197-2DA7-4447-9FA8-E4A9BF13CE2C}.Debug|Any CPU.Build.0 = Debug|Any CPU
		{F92D4197-2DA7-4447-9FA8-E4A9BF13CE2C}.Release|Any CPU.ActiveCfg = Release|Any CPU
		{F92D4197-2DA7-4447-9FA8-E4A9BF13CE2C}.Release|Any CPU.Build.0 = Release|Any CPU
	EndGlobalSection
	GlobalSection(SolutionProperties) = preSolution
		HideSolutionNode = FALSE
	EndGlobalSection
	GlobalSection(ExtensibilityGlobals) = postSolution
		SolutionGuid = {8A0A87D7-D33C-43AE-B118-7AB79B6DB6F7}
	EndGlobalSection
EndGlobal
