
Microsoft Visual Studio Solution File, Format Version 12.00
# Visual Studio Version 17
VisualStudioVersion = 17.0.32112.339
MinimumVisualStudioVersion = 10.0.40219.1
Project("{9A19103F-16F7-4668-BE54-9A1E7A4F7556}") = "MateMachine.CurrencyConverter", "MateMachine.CurrencyConverter\MateMachine.CurrencyConverter.csproj", "{F92D4197-2DA7-4447-9FA8-E4A9BF13CE2C}"
EndProject
Project("{9A19103F-16F7-4668-BE54-9A1E7A4F7556}") = "MateMachine.CurrencyConverter.Business", "MateMachine.CurrencyConverter.Business\MateMachine.CurrencyConverter.Business.csproj", "{26FDE17D-CA55-46E2-A5A4-932B2D97F431}"
EndProject
Project("{9A19103F-16F7-4668-BE54-9A1E7A4F7556}") = "MateMachine.CurrencyConverter.Data", "MateMachine.CurrencyConverter.Data\MateMachine.CurrencyConverter.Data.csproj", "{43B1540C-8261-4E9E-998B-370FEF238312}"
EndProject
Project("{9A19103F-16F7-4668-BE54-9A1E7A4F7556}") = "MateMachine.CurrencyConverter.Tests", "MateMachine.CurrencyConverter.Tests\MateMachine.CurrencyConverter.Tests.csproj", "{2D60F0D9-2E15-4C91-AF6D-138AB5C6995E}"
EndProject
Project("{2150E333-8FDC-42A3-9474-1A3956D46DE8}") = "Solution Items", "Solution Items", "{CFB463C4-463B-488D-A875-54D0BF67B483}"
	ProjectSection(SolutionItems) = preProject
		MateMachine.CurrencyConverter.postman_collection.json = MateMachine.CurrencyConverter.postman_collection.json
		ReadMe.txt = ReadMe.txt
	EndProjectSection
EndProject
Global
	GlobalSection(SolutionConfigurationPlatforms) = preSolution
		Debug|Any CPU = Debug|Any CPU
		Release|Any CPU = Release|Any CPU
	EndGlobalSection
	GlobalSection(ProjectConfigurationPlatforms) = postSolution
		{F92D4197-2DA7-4447-9FA8-E4A9BF13CE2C}.Debug|Any CPU.ActiveCfg = Debug|Any CPU
		{F92D4197-2DA7-4447-9FA8-E4A9BF13CE2C}.Debug|Any CPU.Build.0 = Debug|Any CPU
		{F92D4197-2DA7-4447-9FA8-E4A9BF13CE2C}.Release|Any CPU.ActiveCfg = Release|Any CPU
		{F92D4197-2DA7-4447-9FA8-E4A9BF13CE2C}.Release|Any CPU.Build.0 = Release|Any CPU
		{26FDE17D-CA55-46E2-A5A4-932B2D97F431}.Debug|Any CPU.ActiveCfg = Debug|Any CPU
		{26FDE17D-CA55-46E2-A5A4-932B2D97F431}.Debug|Any CPU.Build.0 = Debug|Any CPU
		{26FDE17D-CA55-46E2-A5A4-932B2D97F431}.Release|Any CPU.ActiveCfg = Release|Any CPU
		{26FDE17D-CA55-46E2-A5A4-932B2D97F431}.Release|Any CPU.Build.0 = Release|Any CPU
		{43B1540C-8261-4E9E-998B-370FEF238312}.Debug|Any CPU.ActiveCfg = Debug|Any CPU
		{43B1540C-8261-4E9E-998B-370FEF238312}.Debug|Any CPU.Build.0 = Debug|Any CPU
		{43B1540C-8261-4E9E-998B-370FEF238312}.Release|Any CPU.ActiveCfg = Release|Any CPU
		{43B1540C-8261-4E9E-998B-370FEF238312}.Release|Any CPU.Build.0 = Release|Any CPU
		{2D60F0D9-2E15-4C91-AF6D-138AB5C6995E}.Debug|Any CPU.ActiveCfg = Debug|Any CPU
		{2D60F0D9-2E15-4C91-AF6D-138AB5C6995E}.Debug|Any CPU.Build.0 = Debug|Any CPU
		{2D60F0D9-2E15-4C91-AF6D-138AB5C6995E}.Release|Any CPU.ActiveCfg = Release|Any CPU
		{2D60F0D9-2E15-4C91-AF6D-138AB5C6995E}.Release|Any CPU.Build.0 = Release|Any CPU
	EndGlobalSection
	GlobalSection(SolutionProperties) = preSolution
		HideSolutionNode = FALSE
	EndGlobalSection
	GlobalSection(ExtensibilityGlobals) = postSolution
		SolutionGuid = {8A0A87D7-D33C-43AE-B118-7AB79B6DB6F7}
	EndGlobalSection
EndGlobal
